
Microsoft Visual Studio Solution File, Format Version 12.00
# Visual Studio Version 16
VisualStudioVersion = 25.0.1705.0
MinimumVisualStudioVersion = 10.0.40219.1
Project("{FAE04EC0-301F-11D3-BF4B-00C04F79EFBC}") = "ForLoopsHomework", "ForLoopsHomework.csproj", "{5645B160-5AE1-4EE4-BA70-6AC7FCC0265B}"
EndProject
Global
	GlobalSection(SolutionConfigurationPlatforms) = preSolution
		Debug|Any CPU = Debug|Any CPU
		Release|Any CPU = Release|Any CPU
	EndGlobalSection
	GlobalSection(ProjectConfigurationPlatforms) = postSolution
		{5645B160-5AE1-4EE4-BA70-6AC7FCC0265B}.Debug|Any CPU.ActiveCfg = Debug|Any CPU
		{5645B160-5AE1-4EE4-BA70-6AC7FCC0265B}.Debug|Any CPU.Build.0 = Debug|Any CPU
		{5645B160-5AE1-4EE4-BA70-6AC7FCC0265B}.Release|Any CPU.ActiveCfg = Release|Any CPU
		{5645B160-5AE1-4EE4-BA70-6AC7FCC0265B}.Release|Any CPU.Build.0 = Release|Any CPU
	EndGlobalSection
	GlobalSection(SolutionProperties) = preSolution
		HideSolutionNode = FALSE
	EndGlobalSection
	GlobalSection(ExtensibilityGlobals) = postSolution
		SolutionGuid = {F7A70762-4301-4AB7-86D8-F227A9449478}
	EndGlobalSection
EndGlobal
